
Microsoft Visual Studio Solution File, Format Version 12.00
# Visual Studio Version 17
VisualStudioVersion = 17.0.31903.59
MinimumVisualStudioVersion = 10.0.40219.1
Project("{FAE04EC0-301F-11D3-BF4B-00C04F79EFBC}") = "API", "API\API.csproj", "{C042AE1D-68E6-4174-BF10-4FC1578417FD}"
EndProject
Project("{FAE04EC0-301F-11D3-BF4B-00C04F79EFBC}") = "Application", "Application\Application.csproj", "{BE172DDE-0D5F-4C66-9783-9CC6558FC9DE}"
EndProject
Project("{FAE04EC0-301F-11D3-BF4B-00C04F79EFBC}") = "Domain", "Domain\Domain.csproj", "{0B46F8A3-23F2-42E8-8ED0-6DE5F9988261}"
EndProject
Project("{FAE04EC0-301F-11D3-BF4B-00C04F79EFBC}") = "Persistence", "Persistence\Persistence.csproj", "{F0632CAD-ECAA-486B-8B12-D1A954CD440D}"
EndProject
Global
	GlobalSection(SolutionConfigurationPlatforms) = preSolution
		Debug|Any CPU = Debug|Any CPU
		Release|Any CPU = Release|Any CPU
	EndGlobalSection
	GlobalSection(SolutionProperties) = preSolution
		HideSolutionNode = FALSE
	EndGlobalSection
	GlobalSection(ProjectConfigurationPlatforms) = postSolution
		{C042AE1D-68E6-4174-BF10-4FC1578417FD}.Debug|Any CPU.ActiveCfg = Debug|Any CPU
		{C042AE1D-68E6-4174-BF10-4FC1578417FD}.Debug|Any CPU.Build.0 = Debug|Any CPU
		{C042AE1D-68E6-4174-BF10-4FC1578417FD}.Release|Any CPU.ActiveCfg = Release|Any CPU
		{C042AE1D-68E6-4174-BF10-4FC1578417FD}.Release|Any CPU.Build.0 = Release|Any CPU
		{BE172DDE-0D5F-4C66-9783-9CC6558FC9DE}.Debug|Any CPU.ActiveCfg = Debug|Any CPU
		{BE172DDE-0D5F-4C66-9783-9CC6558FC9DE}.Debug|Any CPU.Build.0 = Debug|Any CPU
		{BE172DDE-0D5F-4C66-9783-9CC6558FC9DE}.Release|Any CPU.ActiveCfg = Release|Any CPU
		{BE172DDE-0D5F-4C66-9783-9CC6558FC9DE}.Release|Any CPU.Build.0 = Release|Any CPU
		{0B46F8A3-23F2-42E8-8ED0-6DE5F9988261}.Debug|Any CPU.ActiveCfg = Debug|Any CPU
		{0B46F8A3-23F2-42E8-8ED0-6DE5F9988261}.Debug|Any CPU.Build.0 = Debug|Any CPU
		{0B46F8A3-23F2-42E8-8ED0-6DE5F9988261}.Release|Any CPU.ActiveCfg = Release|Any CPU
		{0B46F8A3-23F2-42E8-8ED0-6DE5F9988261}.Release|Any CPU.Build.0 = Release|Any CPU
		{F0632CAD-ECAA-486B-8B12-D1A954CD440D}.Debug|Any CPU.ActiveCfg = Debug|Any CPU
		{F0632CAD-ECAA-486B-8B12-D1A954CD440D}.Debug|Any CPU.Build.0 = Debug|Any CPU
		{F0632CAD-ECAA-486B-8B12-D1A954CD440D}.Release|Any CPU.ActiveCfg = Release|Any CPU
		{F0632CAD-ECAA-486B-8B12-D1A954CD440D}.Release|Any CPU.Build.0 = Release|Any CPU
	EndGlobalSection
EndGlobal
